{
  "name": "action-b",
  "version": "1.0.0",
  "lockfileVersion": 1,
  "requires": true,
  "dependencies": {
    "@actions/core": {
      "version": "1.2.6",
      "resolved": "https://registry.npm.taobao.org/@actions/core/download/@actions/core-1.2.6.tgz",
      "integrity": "sha1-p41J9BpN7xjojOR8LKxhXVaUvwk="
    },
    "@actions/github": {
      "version": "4.0.0",
      "resolved": "https://registry.npm.taobao.org/@actions/github/download/@actions/github-4.0.0.tgz",
      "integrity": "sha1-1SBIMVGiv10tyc0PIPmsOi5FiBY=",
      "requires": {
        "@actions/http-client": "^1.0.8",
        "@octokit/core": "^3.0.0",
        "@octokit/plugin-paginate-rest": "^2.2.3",
        "@octokit/plugin-rest-endpoint-methods": "^4.0.0"
      }
    },
    "@actions/http-client": {
      "version": "1.0.9",
      "resolved": "https://registry.npm.taobao.org/@actions/http-client/download/@actions/http-client-1.0.9.tgz",
      "integrity": "sha1-rxlH0CAEPbxqO0xZGIkglcMP+1I=",
      "requires": {
        "tunnel": "0.0.6"
      }
    },
    "@octokit/auth-token": {
      "version": "2.4.4",
      "resolved": "https://registry.npm.taobao.org/@octokit/auth-token/download/@octokit/auth-token-2.4.4.tgz?cache=0&sync_timestamp=1606801555951&other_urls=https%3A%2F%2Fregistry.npm.taobao.org%2F%40octokit%2Fauth-token%2Fdownload%2F%40octokit%2Fauth-token-2.4.4.tgz",
      "integrity": "sha1-7jHGmwHQN4wS/T/+QGAw89lNO1Y=",
      "requires": {
        "@octokit/types": "^6.0.0"
      }
    },
    "@octokit/core": {
      "version": "3.2.4",
      "resolved": "https://registry.npm.taobao.org/@octokit/core/download/@octokit/core-3.2.4.tgz",
      "integrity": "sha1-V5ElYFepYuypcuMYGPAkVIl/0QY=",
      "requires": {
        "@octokit/auth-token": "^2.4.4",
        "@octokit/graphql": "^4.5.8",
        "@octokit/request": "^5.4.12",
        "@octokit/types": "^6.0.3",
        "before-after-hook": "^2.1.0",
        "universal-user-agent": "^6.0.0"
      }
    },
    "@octokit/endpoint": {
      "version": "6.0.10",
      "resolved": "https://registry.npm.taobao.org/@octokit/endpoint/download/@octokit/endpoint-6.0.10.tgz?cache=0&sync_timestamp=1606801555397&other_urls=https%3A%2F%2Fregistry.npm.taobao.org%2F%40octokit%2Fendpoint%2Fdownload%2F%40octokit%2Fendpoint-6.0.10.tgz",
      "integrity": "sha1-dBzh+i9Pt3zo6+DG6vXOY/Vl+Og=",
      "requires": {
        "@octokit/types": "^6.0.0",
        "is-plain-object": "^5.0.0",
        "universal-user-agent": "^6.0.0"
      }
    },
    "@octokit/graphql": {
      "version": "4.5.8",
      "resolved": "https://registry.npm.taobao.org/@octokit/graphql/download/@octokit/graphql-4.5.8.tgz?cache=0&sync_timestamp=1606801610488&other_urls=https%3A%2F%2Fregistry.npm.taobao.org%2F%40octokit%2Fgraphql%2Fdownload%2F%40octokit%2Fgraphql-4.5.8.tgz",
      "integrity": "sha1-1CNzYzwwFdDq/OZKjOGWvhZ/3Zs=",
      "requires": {
        "@octokit/request": "^5.3.0",
        "@octokit/types": "^6.0.0",
        "universal-user-agent": "^6.0.0"
      }
    },
    "@octokit/openapi-types": {
      "version": "2.0.0",
      "resolved": "https://registry.npm.taobao.org/@octokit/openapi-types/download/@octokit/openapi-types-2.0.0.tgz",
      "integrity": "sha1-bY+K2ds7daORFfXe8mVN+L7Tnyg="
    },
    "@octokit/plugin-paginate-rest": {
      "version": "2.6.2",
      "resolved": "https://registry.npm.taobao.org/@octokit/plugin-paginate-rest/download/@octokit/plugin-paginate-rest-2.6.2.tgz?cache=0&sync_timestamp=1606956964632&other_urls=https%3A%2F%2Fregistry.npm.taobao.org%2F%40octokit%2Fplugin-paginate-rest%2Fdownload%2F%40octokit%2Fplugin-paginate-rest-2.6.2.tgz",
      "integrity": "sha1-RdE9v1/4rtVPGjcWsdV/3GJyDF8=",
      "requires": {
        "@octokit/types": "^6.0.1"
      }
    },
    "@octokit/plugin-rest-endpoint-methods": {
      "version": "4.4.1",
      "resolved": "https://registry.npm.taobao.org/@octokit/plugin-rest-endpoint-methods/download/@octokit/plugin-rest-endpoint-methods-4.4.1.tgz",
      "integrity": "sha1-EFz5MlVDIVXeB4ye/DO9ThTRzWM=",
      "requires": {
        "@octokit/types": "^6.1.0",
        "deprecation": "^2.3.1"
      }
    },
    "@octokit/request": {
      "version": "5.4.12",
      "resolved": "https://registry.npm.taobao.org/@octokit/request/download/@octokit/request-5.4.12.tgz?cache=0&sync_timestamp=1606959200446&other_urls=https%3A%2F%2Fregistry.npm.taobao.org%2F%40octokit%2Frequest%2Fdownload%2F%40octokit%2Frequest-5.4.12.tgz",
      "integrity": "sha1-sEgm+pNGcMVrE1qBRHviwXI6L/w=",
      "requires": {
        "@octokit/endpoint": "^6.0.1",
        "@octokit/request-error": "^2.0.0",
        "@octokit/types": "^6.0.3",
        "deprecation": "^2.0.0",
        "is-plain-object": "^5.0.0",
        "node-fetch": "^2.6.1",
        "once": "^1.4.0",
        "universal-user-agent": "^6.0.0"
      }
    },
    "@octokit/request-error": {
      "version": "2.0.4",
      "resolved": "https://registry.npm.taobao.org/@octokit/request-error/download/@octokit/request-error-2.0.4.tgz",
      "integrity": "sha1-B91cBSHS7pdSASdMRyoSeRd0EmI=",
      "requires": {
        "@octokit/types": "^6.0.0",
        "deprecation": "^2.0.0",
        "once": "^1.4.0"
      }
    },
    "@octokit/types": {
      "version": "6.1.1",
      "resolved": "https://registry.npm.taobao.org/@octokit/types/download/@octokit/types-6.1.1.tgz",
      "integrity": "sha1-vIiz619EewJaKhqBd6ctshbo1Mo=",
      "requires": {
        "@octokit/openapi-types": "^2.0.0",
        "@types/node": ">= 8"
      }
    },
    "@types/node": {
      "version": "14.14.13",
      "resolved": "https://registry.npm.taobao.org/@types/node/download/@types/node-14.14.13.tgz?cache=0&sync_timestamp=1607858210632&other_urls=https%3A%2F%2Fregistry.npm.taobao.org%2F%40types%2Fnode%2Fdownload%2F%40types%2Fnode-14.14.13.tgz",
      "integrity": "sha1-nkJQeXmTIhE66Edyl65u9RuODN8="
    },
    "before-after-hook": {
      "version": "2.1.0",
      "resolved": "https://registry.npm.taobao.org/before-after-hook/download/before-after-hook-2.1.0.tgz",
      "integrity": "sha1-tsA0h/ROJCAN0wyl5qGXnF0vtjU="
    },
    "deprecation": {
      "version": "2.3.1",
      "resolved": "https://registry.npm.taobao.org/deprecation/download/deprecation-2.3.1.tgz",
      "integrity": "sha1-Y2jL20Cr8zc7UlrIfkomDDpwCRk="
    },
    "is-plain-object": {
      "version": "5.0.0",
      "resolved": "https://registry.npm.taobao.org/is-plain-object/download/is-plain-object-5.0.0.tgz?cache=0&sync_timestamp=1599667247216&other_urls=https%3A%2F%2Fregistry.npm.taobao.org%2Fis-plain-object%2Fdownload%2Fis-plain-object-5.0.0.tgz",
      "integrity": "sha1-RCf1CrNCnpAl6n1S6QQ6nvQVk0Q="
    },
    "node-fetch": {
      "version": "2.6.1",
      "resolved": "https://registry.npm.taobao.org/node-fetch/download/node-fetch-2.6.1.tgz?cache=0&sync_timestamp=1599309119313&other_urls=https%3A%2F%2Fregistry.npm.taobao.org%2Fnode-fetch%2Fdownload%2Fnode-fetch-2.6.1.tgz",
      "integrity": "sha1-BFvTI2Mfdu0uK1VXM5RBa2OaAFI="
    },
    "once": {
      "version": "1.4.0",
      "resolved": "https://registry.npm.taobao.org/once/download/once-1.4.0.tgz",
      "integrity": "sha1-WDsap3WWHUsROsF9nFC6753Xa9E=",
      "requires": {
        "wrappy": "1"
      }
    },
    "tunnel": {
      "version": "0.0.6",
      "resolved": "https://registry.npm.taobao.org/tunnel/download/tunnel-0.0.6.tgz",
      "integrity": "sha1-cvExSzSlsZLbASMk3yzFh8pH+Sw="
    },
    "universal-user-agent": {
      "version": "6.0.0",
      "resolved": "https://registry.npm.taobao.org/universal-user-agent/download/universal-user-agent-6.0.0.tgz",
      "integrity": "sha1-M4H4UDslHA2c0hvB3pOeyd9UgO4="
    },
    "wrappy": {
      "version": "1.0.2",
      "resolved": "https://registry.npm.taobao.org/wrappy/download/wrappy-1.0.2.tgz",
      "integrity": "sha1-tSQ9jz7BqjXxNkYFvA0QNuMKtp8="
    }
  }
}
